
Microsoft Visual Studio Solution File, Format Version 12.00
# Visual Studio Version 16
VisualStudioVersion = 16.0.30907.101
MinimumVisualStudioVersion = 10.0.40219.1
Project("{8BC9CEB8-8B4A-11D0-8D11-00A0C91BC942}") = "serialRecording", "serialRecording.vcxproj", "{AF40228E-7FDE-4605-B3C9-2F798FF1C209}"
EndProject
Project("{8BC9CEB8-8B4A-11D0-8D11-00A0C91BC942}") = "serialDataEmulator", "..\serialDataEmulator\serialDataEmulator.vcxproj", "{7E2954AC-2230-4933-A82B-5D576B8BDA78}"
EndProject
Global
	GlobalSection(SolutionConfigurationPlatforms) = preSolution
		Debug|x64 = Debug|x64
		Debug|x86 = Debug|x86
		Release|x64 = Release|x64
		Release|x86 = Release|x86
	EndGlobalSection
	GlobalSection(ProjectConfigurationPlatforms) = postSolution
		{AF40228E-7FDE-4605-B3C9-2F798FF1C209}.Debug|x64.ActiveCfg = Debug|x64
		{AF40228E-7FDE-4605-B3C9-2F798FF1C209}.Debug|x64.Build.0 = Debug|x64
		{AF40228E-7FDE-4605-B3C9-2F798FF1C209}.Debug|x86.ActiveCfg = Debug|Win32
		{AF40228E-7FDE-4605-B3C9-2F798FF1C209}.Debug|x86.Build.0 = Debug|Win32
		{AF40228E-7FDE-4605-B3C9-2F798FF1C209}.Release|x64.ActiveCfg = Release|x64
		{AF40228E-7FDE-4605-B3C9-2F798FF1C209}.Release|x64.Build.0 = Release|x64
		{AF40228E-7FDE-4605-B3C9-2F798FF1C209}.Release|x86.ActiveCfg = Release|Win32
		{AF40228E-7FDE-4605-B3C9-2F798FF1C209}.Release|x86.Build.0 = Release|Win32
		{7E2954AC-2230-4933-A82B-5D576B8BDA78}.Debug|x64.ActiveCfg = Debug|x64
		{7E2954AC-2230-4933-A82B-5D576B8BDA78}.Debug|x64.Build.0 = Debug|x64
		{7E2954AC-2230-4933-A82B-5D576B8BDA78}.Debug|x86.ActiveCfg = Debug|Win32
		{7E2954AC-2230-4933-A82B-5D576B8BDA78}.Debug|x86.Build.0 = Debug|Win32
		{7E2954AC-2230-4933-A82B-5D576B8BDA78}.Release|x64.ActiveCfg = Release|x64
		{7E2954AC-2230-4933-A82B-5D576B8BDA78}.Release|x64.Build.0 = Release|x64
		{7E2954AC-2230-4933-A82B-5D576B8BDA78}.Release|x86.ActiveCfg = Release|Win32
		{7E2954AC-2230-4933-A82B-5D576B8BDA78}.Release|x86.Build.0 = Release|Win32
	EndGlobalSection
	GlobalSection(SolutionProperties) = preSolution
		HideSolutionNode = FALSE
	EndGlobalSection
	GlobalSection(ExtensibilityGlobals) = postSolution
		SolutionGuid = {E17F4F7C-6C4A-4F70-B7E4-1B90F2F2FAED}
	EndGlobalSection
EndGlobal
